// !$*UTF8*$!
{
	archiveVersion = 1;
	classes = {
	};
	objectVersion = 46;
	objects = {

/* Begin PBXBuildFile section */
		460443D31D5D9B2800961680 /* AppDelegate.swift in Sources */ = {isa = PBXBuildFile; fileRef = 460443D21D5D9B2800961680 /* AppDelegate.swift */; };
		460443D51D5D9B2800961680 /* ViewController.swift in Sources */ = {isa = PBXBuildFile; fileRef = 460443D41D5D9B2800961680 /* ViewController.swift */; };
		460443DA1D5D9B2800961680 /* Assets.xcassets in Resources */ = {isa = PBXBuildFile; fileRef = 460443D91D5D9B2800961680 /* Assets.xcassets */; };
		460443DD1D5D9B2800961680 /* LaunchScreen.storyboard in Resources */ = {isa = PBXBuildFile; fileRef = 460443DB1D5D9B2800961680 /* LaunchScreen.storyboard */; };
		460443E81D5D9B2800961680 /* demoTests.swift in Sources */ = {isa = PBXBuildFile; fileRef = 460443E71D5D9B2800961680 /* demoTests.swift */; };
		460443F31D5D9B2800961680 /* demoUITests.swift in Sources */ = {isa = PBXBuildFile; fileRef = 460443F21D5D9B2800961680 /* demoUITests.swift */; };
		460444061D5F699400961680 /* SecondViewConroller.swift in Sources */ = {isa = PBXBuildFile; fileRef = 460444051D5F699400961680 /* SecondViewConroller.swift */; };
		4604440D1D5F6C2100961680 /* Main.storyboard in Resources */ = {isa = PBXBuildFile; fileRef = 4604440B1D5F6C2100961680 /* Main.storyboard */; };
		4604440F1D5F701400961680 /* SecondViewControllerExtension.swift in Sources */ = {isa = PBXBuildFile; fileRef = 4604440E1D5F701400961680 /* SecondViewControllerExtension.swift */; };
		460444111D5F7E2900961680 /* ThreeViewController.swift in Sources */ = {isa = PBXBuildFile; fileRef = 460444101D5F7E2900961680 /* ThreeViewController.swift */; };
		46DB8EAF1D6085C9002EFE07 /* TableViewController.swift in Sources */ = {isa = PBXBuildFile; fileRef = 46DB8EAE1D6085C9002EFE07 /* TableViewController.swift */; };
		46DB8EB11D6095F4002EFE07 /* TodoModel.swift in Sources */ = {isa = PBXBuildFile; fileRef = 46DB8EB01D6095F4002EFE07 /* TodoModel.swift */; };
		46DB8EB31D609B7D002EFE07 /* Common.swift in Sources */ = {isa = PBXBuildFile; fileRef = 46DB8EB21D609B7D002EFE07 /* Common.swift */; };
		46DB8EB51D60B971002EFE07 /* DetailViewController.swift in Sources */ = {isa = PBXBuildFile; fileRef = 46DB8EB41D60B971002EFE07 /* DetailViewController.swift */; };
/* End PBXBuildFile section */

/* Begin PBXContainerItemProxy section */
		460443E41D5D9B2800961680 /* PBXContainerItemProxy */ = {
			isa = PBXContainerItemProxy;
			containerPortal = 460443C71D5D9B2800961680 /* Project object */;
			proxyType = 1;
			remoteGlobalIDString = 460443CE1D5D9B2800961680;
			remoteInfo = demo;
		};
		460443EF1D5D9B2800961680 /* PBXContainerItemProxy */ = {
			isa = PBXContainerItemProxy;
			containerPortal = 460443C71D5D9B2800961680 /* Project object */;
			proxyType = 1;
			remoteGlobalIDString = 460443CE1D5D9B2800961680;
			remoteInfo = demo;
		};
/* End PBXContainerItemProxy section */

/* Begin PBXFileReference section */
		460443CF1D5D9B2800961680 /* demo.app */ = {isa = PBXFileReference; explicitFileType = wrapper.application; includeInIndex = 0; path = demo.app; sourceTree = BUILT_PRODUCTS_DIR; };
		460443D21D5D9B2800961680 /* AppDelegate.swift */ = {isa = PBXFileReference; lastKnownFileType = sourcecode.swift; path = AppDelegate.swift; sourceTree = "<group>"; };
		460443D41D5D9B2800961680 /* ViewController.swift */ = {isa = PBXFileReference; lastKnownFileType = sourcecode.swift; path = ViewController.swift; sourceTree = "<group>"; };
		460443D91D5D9B2800961680 /* Assets.xcassets */ = {isa = PBXFileReference; lastKnownFileType = folder.assetcatalog; path = Assets.xcassets; sourceTree = "<group>"; };
		460443DC1D5D9B2800961680 /* Base */ = {isa = PBXFileReference; lastKnownFileType = file.storyboard; name = Base; path = Base.lproj/LaunchScreen.storyboard; sourceTree = "<group>"; };
		460443DE1D5D9B2800961680 /* Info.plist */ = {isa = PBXFileReference; lastKnownFileType = text.plist.xml; path = Info.plist; sourceTree = "<group>"; };
		460443E31D5D9B2800961680 /* demo.xctest */ = {isa = PBXFileReference; explicitFileType = wrapper.cfbundle; includeInIndex = 0; path = demo.xctest; sourceTree = BUILT_PRODUCTS_DIR; };
		460443E71D5D9B2800961680 /* demoTests.swift */ = {isa = PBXFileReference; lastKnownFileType = sourcecode.swift; path = demoTests.swift; sourceTree = "<group>"; };
		460443E91D5D9B2800961680 /* Info.plist */ = {isa = PBXFileReference; lastKnownFileType = text.plist.xml; path = Info.plist; sourceTree = "<group>"; };
		460443EE1D5D9B2800961680 /* demo.xctest */ = {isa = PBXFileReference; explicitFileType = wrapper.cfbundle; includeInIndex = 0; path = demo.xctest; sourceTree = BUILT_PRODUCTS_DIR; };
		460443F21D5D9B2800961680 /* demoUITests.swift */ = {isa = PBXFileReference; lastKnownFileType = sourcecode.swift; path = demoUITests.swift; sourceTree = "<group>"; };
		460443F41D5D9B2800961680 /* Info.plist */ = {isa = PBXFileReference; lastKnownFileType = text.plist.xml; path = Info.plist; sourceTree = "<group>"; };
		460444041D5F0B2A00961680 /* MyPlayground.playground */ = {isa = PBXFileReference; lastKnownFileType = file.playground; path = MyPlayground.playground; sourceTree = "<group>"; };
		460444051D5F699400961680 /* SecondViewConroller.swift */ = {isa = PBXFileReference; fileEncoding = 4; lastKnownFileType = sourcecode.swift; path = SecondViewConroller.swift; sourceTree = "<group>"; };
		4604440C1D5F6C2100961680 /* Base */ = {isa = PBXFileReference; lastKnownFileType = file.storyboard; name = Base; path = Base.lproj/Main.storyboard; sourceTree = "<group>"; };
		4604440E1D5F701400961680 /* SecondViewControllerExtension.swift */ = {isa = PBXFileReference; fileEncoding = 4; lastKnownFileType = sourcecode.swift; path = SecondViewControllerExtension.swift; sourceTree = "<group>"; };
		460444101D5F7E2900961680 /* ThreeViewController.swift */ = {isa = PBXFileReference; fileEncoding = 4; lastKnownFileType = sourcecode.swift; path = ThreeViewController.swift; sourceTree = "<group>"; };
		46DB8EAE1D6085C9002EFE07 /* TableViewController.swift */ = {isa = PBXFileReference; fileEncoding = 4; lastKnownFileType = sourcecode.swift; path = TableViewController.swift; sourceTree = "<group>"; };
		46DB8EB01D6095F4002EFE07 /* TodoModel.swift */ = {isa = PBXFileReference; fileEncoding = 4; lastKnownFileType = sourcecode.swift; name = TodoModel.swift; path = "../../../Downloads/Todo-master/Todo/TodoModel.swift"; sourceTree = "<group>"; };
		46DB8EB21D609B7D002EFE07 /* Common.swift */ = {isa = PBXFileReference; fileEncoding = 4; lastKnownFileType = sourcecode.swift; name = Common.swift; path = "../../../Downloads/Todo-master/Todo/Common.swift"; sourceTree = "<group>"; };
		46DB8EB41D60B971002EFE07 /* DetailViewController.swift */ = {isa = PBXFileReference; fileEncoding = 4; lastKnownFileType = sourcecode.swift; path = DetailViewController.swift; sourceTree = "<group>"; };
/* End PBXFileReference section */

/* Begin PBXFrameworksBuildPhase section */
		460443CC1D5D9B2800961680 /* Frameworks */ = {
			isa = PBXFrameworksBuildPhase;
			buildActionMask = 2147483647;
			files = (
			);
			runOnlyForDeploymentPostprocessing = 0;
		};
		460443E01D5D9B2800961680 /* Frameworks */ = {
			isa = PBXFrameworksBuildPhase;
			buildActionMask = 2147483647;
			files = (
			);
			runOnlyForDeploymentPostprocessing = 0;
		};
		460443EB1D5D9B2800961680 /* Frameworks */ = {
			isa = PBXFrameworksBuildPhase;
			buildActionMask = 2147483647;
			files = (
			);
			runOnlyForDeploymentPostprocessing = 0;
		};
/* End PBXFrameworksBuildPhase section */

/* Begin PBXGroup section */
		460443C61D5D9B2800961680 = {
			isa = PBXGroup;
			children = (
				460443D11D5D9B2800961680 /* demo */,
				460443E61D5D9B2800961680 /* demoTests */,
				460443F11D5D9B2800961680 /* demoUITests */,
				460443D01D5D9B2800961680 /* Products */,
			);
			sourceTree = "<group>";
		};
		460443D01D5D9B2800961680 /* Products */ = {
			isa = PBXGroup;
			children = (
				460443CF1D5D9B2800961680 /* demo.app */,
				460443E31D5D9B2800961680 /* demo.xctest */,
				460443EE1D5D9B2800961680 /* demo.xctest */,
			);
			name = Products;
			sourceTree = "<group>";
		};
		460443D11D5D9B2800961680 /* demo */ = {
			isa = PBXGroup;
			children = (
				4604440B1D5F6C2100961680 /* Main.storyboard */,
				46DB8EAE1D6085C9002EFE07 /* TableViewController.swift */,
				460444101D5F7E2900961680 /* ThreeViewController.swift */,
				460443D21D5D9B2800961680 /* AppDelegate.swift */,
				460443D41D5D9B2800961680 /* ViewController.swift */,
				46DB8EB41D60B971002EFE07 /* DetailViewController.swift */,
				460444051D5F699400961680 /* SecondViewConroller.swift */,
				46DB8EB21D609B7D002EFE07 /* Common.swift */,
				4604440E1D5F701400961680 /* SecondViewControllerExtension.swift */,
				460443D91D5D9B2800961680 /* Assets.xcassets */,
				460443DB1D5D9B2800961680 /* LaunchScreen.storyboard */,
				46DB8EB01D6095F4002EFE07 /* TodoModel.swift */,
				460443DE1D5D9B2800961680 /* Info.plist */,
				460444041D5F0B2A00961680 /* MyPlayground.playground */,
			);
			path = demo;
			sourceTree = "<group>";
		};
		460443E61D5D9B2800961680 /* demoTests */ = {
			isa = PBXGroup;
			children = (
				460443E71D5D9B2800961680 /* demoTests.swift */,
				460443E91D5D9B2800961680 /* Info.plist */,
			);
			path = demoTests;
			sourceTree = "<group>";
		};
		460443F11D5D9B2800961680 /* demoUITests */ = {
			isa = PBXGroup;
			children = (
				460443F21D5D9B2800961680 /* demoUITests.swift */,
				460443F41D5D9B2800961680 /* Info.plist */,
			);
			path = demoUITests;
			sourceTree = "<group>";
		};
/* End PBXGroup section */

/* Begin PBXNativeTarget section */
		460443CE1D5D9B2800961680 /* demo */ = {
			isa = PBXNativeTarget;
			buildConfigurationList = 460443F71D5D9B2900961680 /* Build configuration list for PBXNativeTarget "demo" */;
			buildPhases = (
				460443CB1D5D9B2800961680 /* Sources */,
				460443CC1D5D9B2800961680 /* Frameworks */,
				460443CD1D5D9B2800961680 /* Resources */,
			);
			buildRules = (
			);
			dependencies = (
			);
			name = demo;
			productName = demo;
			productReference = 460443CF1D5D9B2800961680 /* demo.app */;
			productType = "com.apple.product-type.application";
		};
		460443E21D5D9B2800961680 /* demoTests */ = {
			isa = PBXNativeTarget;
			buildConfigurationList = 460443FA1D5D9B2900961680 /* Build configuration list for PBXNativeTarget "demoTests" */;
			buildPhases = (
				460443DF1D5D9B2800961680 /* Sources */,
				460443E01D5D9B2800961680 /* Frameworks */,
				460443E11D5D9B2800961680 /* Resources */,
			);
			buildRules = (
			);
			dependencies = (
				460443E51D5D9B2800961680 /* PBXTargetDependency */,
			);
			name = demoTests;
			productName = demoTests;
			productReference = 460443E31D5D9B2800961680 /* demo.xctest */;
			productType = "com.apple.product-type.bundle.unit-test";
		};
		460443ED1D5D9B2800961680 /* demoUITests */ = {
			isa = PBXNativeTarget;
			buildConfigurationList = 460443FD1D5D9B2900961680 /* Build configuration list for PBXNativeTarget "demoUITests" */;
			buildPhases = (
				460443EA1D5D9B2800961680 /* Sources */,
				460443EB1D5D9B2800961680 /* Frameworks */,
				460443EC1D5D9B2800961680 /* Resources */,
			);
			buildRules = (
			);
			dependencies = (
				460443F01D5D9B2800961680 /* PBXTargetDependency */,
			);
			name = demoUITests;
			productName = demoUITests;
			productReference = 460443EE1D5D9B2800961680 /* demo.xctest */;
			productType = "com.apple.product-type.bundle.ui-testing";
		};
/* End PBXNativeTarget section */

/* Begin PBXProject section */
		460443C71D5D9B2800961680 /* Project object */ = {
			isa = PBXProject;
			attributes = {
				LastSwiftUpdateCheck = 0730;
				LastUpgradeCheck = 0730;
				ORGANIZATIONNAME = "刘满";
				TargetAttributes = {
					460443CE1D5D9B2800961680 = {
						CreatedOnToolsVersion = 7.3.1;
						DevelopmentTeam = 4T4KUUXHHR;
					};
					460443E21D5D9B2800961680 = {
						CreatedOnToolsVersion = 7.3.1;
						DevelopmentTeam = 4T4KUUXHHR;
						TestTargetID = 460443CE1D5D9B2800961680;
					};
					460443ED1D5D9B2800961680 = {
						CreatedOnToolsVersion = 7.3.1;
						DevelopmentTeam = 4T4KUUXHHR;
						TestTargetID = 460443CE1D5D9B2800961680;
					};
				};
			};
			buildConfigurationList = 460443CA1D5D9B2800961680 /* Build configuration list for PBXProject "demo" */;
			compatibilityVersion = "Xcode 3.2";
			developmentRegion = English;
			hasScannedForEncodings = 0;
			knownRegions = (
				en,
				Base,
			);
			mainGroup = 460443C61D5D9B2800961680;
			productRefGroup = 460443D01D5D9B2800961680 /* Products */;
			projectDirPath = "";
			projectRoot = "";
			targets = (
				460443CE1D5D9B2800961680 /* demo */,
				460443E21D5D9B2800961680 /* demoTests */,
				460443ED1D5D9B2800961680 /* demoUITests */,
			);
		};
/* End PBXProject section */

/* Begin PBXResourcesBuildPhase section */
		460443CD1D5D9B2800961680 /* Resources */ = {
			isa = PBXResourcesBuildPhase;
			buildActionMask = 2147483647;
			files = (
				4604440D1D5F6C2100961680 /* Main.storyboard in Resources */,
				460443DD1D5D9B2800961680 /* LaunchScreen.storyboard in Resources */,
				460443DA1D5D9B2800961680 /* Assets.xcassets in Resources */,
			);
			runOnlyForDeploymentPostprocessing = 0;
		};
		460443E11D5D9B2800961680 /* Resources */ = {
			isa = PBXResourcesBuildPhase;
			buildActionMask = 2147483647;
			files = (
			);
			runOnlyForDeploymentPostprocessing = 0;
		};
		460443EC1D5D9B2800961680 /* Resources */ = {
			isa = PBXResourcesBuildPhase;
			buildActionMask = 2147483647;
			files = (
			);
			runOnlyForDeploymentPostprocessing = 0;
		};
/* End PBXResourcesBuildPhase section */

/* Begin PBXSourcesBuildPhase section */
		460443CB1D5D9B2800961680 /* Sources */ = {
			isa = PBXSourcesBuildPhase;
			buildActionMask = 2147483647;
			files = (
				46DB8EB51D60B971002EFE07 /* DetailViewController.swift in Sources */,
				46DB8EB31D609B7D002EFE07 /* Common.swift in Sources */,
				4604440F1D5F701400961680 /* SecondViewControllerExtension.swift in Sources */,
				46DB8EAF1D6085C9002EFE07 /* TableViewController.swift in Sources */,
				460443D51D5D9B2800961680 /* ViewController.swift in Sources */,
				460444061D5F699400961680 /* SecondViewConroller.swift in Sources */,
				460443D31D5D9B2800961680 /* AppDelegate.swift in Sources */,
				46DB8EB11D6095F4002EFE07 /* TodoModel.swift in Sources */,
				460444111D5F7E2900961680 /* ThreeViewController.swift in Sources */,
			);
			runOnlyForDeploymentPostprocessing = 0;
		};
		460443DF1D5D9B2800961680 /* Sources */ = {
			isa = PBXSourcesBuildPhase;
			buildActionMask = 2147483647;
			files = (
				460443E81D5D9B2800961680 /* demoTests.swift in Sources */,
			);
			runOnlyForDeploymentPostprocessing = 0;
		};
		460443EA1D5D9B2800961680 /* Sources */ = {
			isa = PBXSourcesBuildPhase;
			buildActionMask = 2147483647;
			files = (
				460443F31D5D9B2800961680 /* demoUITests.swift in Sources */,
			);
			runOnlyForDeploymentPostprocessing = 0;
		};
/* End PBXSourcesBuildPhase section */

/* Begin PBXTargetDependency section */
		460443E51D5D9B2800961680 /* PBXTargetDependency */ = {
			isa = PBXTargetDependency;
			target = 460443CE1D5D9B2800961680 /* demo */;
			targetProxy = 460443E41D5D9B2800961680 /* PBXContainerItemProxy */;
		};
		460443F01D5D9B2800961680 /* PBXTargetDependency */ = {
			isa = PBXTargetDependency;
			target = 460443CE1D5D9B2800961680 /* demo */;
			targetProxy = 460443EF1D5D9B2800961680 /* PBXContainerItemProxy */;
		};
/* End PBXTargetDependency section */

/* Begin PBXVariantGroup section */
		460443DB1D5D9B2800961680 /* LaunchScreen.storyboard */ = {
			isa = PBXVariantGroup;
			children = (
				460443DC1D5D9B2800961680 /* Base */,
			);
			name = LaunchScreen.storyboard;
			sourceTree = "<group>";
		};
		4604440B1D5F6C2100961680 /* Main.storyboard */ = {
			isa = PBXVariantGroup;
			children = (
				4604440C1D5F6C2100961680 /* Base */,
			);
			name = Main.storyboard;
			sourceTree = "<group>";
		};
/* End PBXVariantGroup section */

/* Begin XCBuildConfiguration section */
		460443F51D5D9B2900961680 /* Debug */ = {
			isa = XCBuildConfiguration;
			buildSettings = {
				ALWAYS_SEARCH_USER_PATHS = NO;
				CLANG_ANALYZER_NONNULL = YES;
				CLANG_CXX_LANGUAGE_STANDARD = "gnu++0x";
				CLANG_CXX_LIBRARY = "libc++";
				CLANG_ENABLE_MODULES = YES;
				CLANG_ENABLE_OBJC_ARC = YES;
				CLANG_WARN_BOOL_CONVERSION = YES;
				CLANG_WARN_CONSTANT_CONVERSION = YES;
				CLANG_WARN_DIRECT_OBJC_ISA_USAGE = YES_ERROR;
				CLANG_WARN_EMPTY_BODY = YES;
				CLANG_WARN_ENUM_CONVERSION = YES;
				CLANG_WARN_INT_CONVERSION = YES;
				CLANG_WARN_OBJC_ROOT_CLASS = YES_ERROR;
				CLANG_WARN_UNREACHABLE_CODE = YES;
				CLANG_WARN__DUPLICATE_METHOD_MATCH = YES;
				"CODE_SIGN_IDENTITY[sdk=iphoneos*]" = "iPhone Developer";
				COPY_PHASE_STRIP = NO;
				DEBUG_INFORMATION_FORMAT = dwarf;
				ENABLE_STRICT_OBJC_MSGSEND = YES;
				ENABLE_TESTABILITY = YES;
				GCC_C_LANGUAGE_STANDARD = gnu99;
				GCC_DYNAMIC_NO_PIC = NO;
				GCC_NO_COMMON_BLOCKS = YES;
				GCC_OPTIMIZATION_LEVEL = 0;
				GCC_PREPROCESSOR_DEFINITIONS = (
					"DEBUG=1",
					"$(inherited)",
				);
				GCC_WARN_64_TO_32_BIT_CONVERSION = YES;
				GCC_WARN_ABOUT_RETURN_TYPE = YES_ERROR;
				GCC_WARN_UNDECLARED_SELECTOR = YES;
				GCC_WARN_UNINITIALIZED_AUTOS = YES_AGGRESSIVE;
				GCC_WARN_UNUSED_FUNCTION = YES;
				GCC_WARN_UNUSED_VARIABLE = YES;
				IPHONEOS_DEPLOYMENT_TARGET = 9.3;
				MTL_ENABLE_DEBUG_INFO = YES;
				ONLY_ACTIVE_ARCH = YES;
				SDKROOT = iphoneos;
				SWIFT_OPTIMIZATION_LEVEL = "-Onone";
				TARGETED_DEVICE_FAMILY = "1,2";
			};
			name = Debug;
		};
		460443F61D5D9B2900961680 /* Release */ = {
			isa = XCBuildConfiguration;
			buildSettings = {
				ALWAYS_SEARCH_USER_PATHS = NO;
				CLANG_ANALYZER_NONNULL = YES;
				CLANG_CXX_LANGUAGE_STANDARD = "gnu++0x";
				CLANG_CXX_LIBRARY = "libc++";
				CLANG_ENABLE_MODULES = YES;
				CLANG_ENABLE_OBJC_ARC = YES;
				CLANG_WARN_BOOL_CONVERSION = YES;
				CLANG_WARN_CONSTANT_CONVERSION = YES;
				CLANG_WARN_DIRECT_OBJC_ISA_USAGE = YES_ERROR;
				CLANG_WARN_EMPTY_BODY = YES;
				CLANG_WARN_ENUM_CONVERSION = YES;
				CLANG_WARN_INT_CONVERSION = YES;
				CLANG_WARN_OBJC_ROOT_CLASS = YES_ERROR;
				CLANG_WARN_UNREACHABLE_CODE = YES;
				CLANG_WARN__DUPLICATE_METHOD_MATCH = YES;
				"CODE_SIGN_IDENTITY[sdk=iphoneos*]" = "iPhone Developer";
				COPY_PHASE_STRIP = NO;
				DEBUG_INFORMATION_FORMAT = "dwarf-with-dsym";
				ENABLE_NS_ASSERTIONS = NO;
				ENABLE_STRICT_OBJC_MSGSEND = YES;
				GCC_C_LANGUAGE_STANDARD = gnu99;
				GCC_NO_COMMON_BLOCKS = YES;
				GCC_WARN_64_TO_32_BIT_CONVERSION = YES;
				GCC_WARN_ABOUT_RETURN_TYPE = YES_ERROR;
				GCC_WARN_UNDECLARED_SELECTOR = YES;
				GCC_WARN_UNINITIALIZED_AUTOS = YES_AGGRESSIVE;
				GCC_WARN_UNUSED_FUNCTION = YES;
				GCC_WARN_UNUSED_VARIABLE = YES;
				IPHONEOS_DEPLOYMENT_TARGET = 9.3;
				MTL_ENABLE_DEBUG_INFO = NO;
				SDKROOT = iphoneos;
				TARGETED_DEVICE_FAMILY = "1,2";
				VALIDATE_PRODUCT = YES;
			};
			name = Release;
		};
		460443F81D5D9B2900961680 /* Debug */ = {
			isa = XCBuildConfiguration;
			buildSettings = {
				ASSETCATALOG_COMPILER_APPICON_NAME = AppIcon;
				INFOPLIST_FILE = demo/Info.plist;
				LD_RUNPATH_SEARCH_PATHS = "$(inherited) @executable_path/Frameworks";
				PRODUCT_BUNDLE_IDENTIFIER = my.liuman;
				PRODUCT_NAME = demo;
			};
			name = Debug;
		};
		460443F91D5D9B2900961680 /* Release */ = {
			isa = XCBuildConfiguration;
			buildSettings = {
				ASSETCATALOG_COMPILER_APPICON_NAME = AppIcon;
				INFOPLIST_FILE = demo/Info.plist;
				LD_RUNPATH_SEARCH_PATHS = "$(inherited) @executable_path/Frameworks";
				PRODUCT_BUNDLE_IDENTIFIER = my.liuman;
				PRODUCT_NAME = demo;
			};
			name = Release;
		};
		460443FB1D5D9B2900961680 /* Debug */ = {
			isa = XCBuildConfiguration;
			buildSettings = {
				BUNDLE_LOADER = "$(TEST_HOST)";
				INFOPLIST_FILE = demoTests/Info.plist;
				LD_RUNPATH_SEARCH_PATHS = "$(inherited) @executable_path/Frameworks @loader_path/Frameworks";
				PRODUCT_BUNDLE_IDENTIFIER = my.demoTests;
				PRODUCT_NAME = demo;
				TEST_HOST = "$(BUILT_PRODUCTS_DIR)/demo.app/demo";
			};
			name = Debug;
		};
		460443FC1D5D9B2900961680 /* Release */ = {
			isa = XCBuildConfiguration;
			buildSettings = {
				BUNDLE_LOADER = "$(TEST_HOST)";
				INFOPLIST_FILE = demoTests/Info.plist;
				LD_RUNPATH_SEARCH_PATHS = "$(inherited) @executable_path/Frameworks @loader_path/Frameworks";
				PRODUCT_BUNDLE_IDENTIFIER = my.demoTests;
				PRODUCT_NAME = demo;
				TEST_HOST = "$(BUILT_PRODUCTS_DIR)/demo.app/demo";
			};
			name = Release;
		};
		460443FE1D5D9B2900961680 /* Debug */ = {
			isa = XCBuildConfiguration;
			buildSettings = {
				INFOPLIST_FILE = demoUITests/Info.plist;
				LD_RUNPATH_SEARCH_PATHS = "$(inherited) @executable_path/Frameworks @loader_path/Frameworks";
				PRODUCT_BUNDLE_IDENTIFIER = my.demoUITests;
				PRODUCT_NAME = demo;
				TEST_TARGET_NAME = demo;
			};
			name = Debug;
		};
		460443FF1D5D9B2900961680 /* Release */ = {
			isa = XCBuildConfiguration;
			buildSettings = {
				INFOPLIST_FILE = demoUITests/Info.plist;
				LD_RUNPATH_SEARCH_PATHS = "$(inherited) @executable_path/Frameworks @loader_path/Frameworks";
				PRODUCT_BUNDLE_IDENTIFIER = my.demoUITests;
				PRODUCT_NAME = demo;
				TEST_TARGET_NAME = demo;
			};
			name = Release;
		};
/* End XCBuildConfiguration section */

/* Begin XCConfigurationList section */
		460443CA1D5D9B2800961680 /* Build configuration list for PBXProject "demo" */ = {
			isa = XCConfigurationList;
			buildConfigurations = (
				460443F51D5D9B2900961680 /* Debug */,
				460443F61D5D9B2900961680 /* Release */,
			);
			defaultConfigurationIsVisible = 0;
			defaultConfigurationName = Release;
		};
		460443F71D5D9B2900961680 /* Build configuration list for PBXNativeTarget "demo" */ = {
			isa = XCConfigurationList;
			buildConfigurations = (
				460443F81D5D9B2900961680 /* Debug */,
				460443F91D5D9B2900961680 /* Release */,
			);
			defaultConfigurationIsVisible = 0;
			defaultConfigurationName = Release;
		};
		460443FA1D5D9B2900961680 /* Build configuration list for PBXNativeTarget "demoTests" */ = {
			isa = XCConfigurationList;
			buildConfigurations = (
				460443FB1D5D9B2900961680 /* Debug */,
				460443FC1D5D9B2900961680 /* Release */,
			);
			defaultConfigurationIsVisible = 0;
			defaultConfigurationName = Release;
		};
		460443FD1D5D9B2900961680 /* Build configuration list for PBXNativeTarget "demoUITests" */ = {
			isa = XCConfigurationList;
			buildConfigurations = (
				460443FE1D5D9B2900961680 /* Debug */,
				460443FF1D5D9B2900961680 /* Release */,
			);
			defaultConfigurationIsVisible = 0;
			defaultConfigurationName = Release;
		};
/* End XCConfigurationList section */
	};
	rootObject = 460443C71D5D9B2800961680 /* Project object */;
}
